
Microsoft Visual Studio Solution File, Format Version 12.00
# Visual Studio 15
VisualStudioVersion = 15.0.26430.15
MinimumVisualStudioVersion = 10.0.40219.1
Project("{FAE04EC0-301F-11D3-BF4B-00C04F79EFBC}") = "EventMaster", "EventMaster\EventMaster.csproj", "{F008D42C-48E6-495D-9D24-59D3A2459B67}"
EndProject
Project("{FAE04EC0-301F-11D3-BF4B-00C04F79EFBC}") = "EventMaster.Storage", "EventMaster.Storage\EventMaster.Storage.csproj", "{2DB1D83F-7F06-42D2-94F6-1E55D81020FC}"
EndProject
Project("{930C7802-8A8C-48F9-8165-68863BCCD9DD}") = "EventMaster.Setup", "EventMaster.Setup\EventMaster.Setup.wixproj", "{46EBA791-E6FF-453C-A946-10AAF02033CF}"
EndProject
Global
	GlobalSection(SolutionConfigurationPlatforms) = preSolution
		Debug|Any CPU = Debug|Any CPU
		Debug|x86 = Debug|x86
		Release|Any CPU = Release|Any CPU
		Release|x86 = Release|x86
	EndGlobalSection
	GlobalSection(ProjectConfigurationPlatforms) = postSolution
		{F008D42C-48E6-495D-9D24-59D3A2459B67}.Debug|Any CPU.ActiveCfg = Debug|Any CPU
		{F008D42C-48E6-495D-9D24-59D3A2459B67}.Debug|Any CPU.Build.0 = Debug|Any CPU
		{F008D42C-48E6-495D-9D24-59D3A2459B67}.Debug|x86.ActiveCfg = Debug|Any CPU
		{F008D42C-48E6-495D-9D24-59D3A2459B67}.Debug|x86.Build.0 = Debug|Any CPU
		{F008D42C-48E6-495D-9D24-59D3A2459B67}.Release|Any CPU.ActiveCfg = Release|Any CPU
		{F008D42C-48E6-495D-9D24-59D3A2459B67}.Release|Any CPU.Build.0 = Release|Any CPU
		{F008D42C-48E6-495D-9D24-59D3A2459B67}.Release|x86.ActiveCfg = Release|Any CPU
		{F008D42C-48E6-495D-9D24-59D3A2459B67}.Release|x86.Build.0 = Release|Any CPU
		{2DB1D83F-7F06-42D2-94F6-1E55D81020FC}.Debug|Any CPU.ActiveCfg = Debug|Any CPU
		{2DB1D83F-7F06-42D2-94F6-1E55D81020FC}.Debug|Any CPU.Build.0 = Debug|Any CPU
		{2DB1D83F-7F06-42D2-94F6-1E55D81020FC}.Debug|x86.ActiveCfg = Debug|Any CPU
		{2DB1D83F-7F06-42D2-94F6-1E55D81020FC}.Debug|x86.Build.0 = Debug|Any CPU
		{2DB1D83F-7F06-42D2-94F6-1E55D81020FC}.Release|Any CPU.ActiveCfg = Release|Any CPU
		{2DB1D83F-7F06-42D2-94F6-1E55D81020FC}.Release|Any CPU.Build.0 = Release|Any CPU
		{2DB1D83F-7F06-42D2-94F6-1E55D81020FC}.Release|x86.ActiveCfg = Release|Any CPU
		{2DB1D83F-7F06-42D2-94F6-1E55D81020FC}.Release|x86.Build.0 = Release|Any CPU
		{46EBA791-E6FF-453C-A946-10AAF02033CF}.Debug|Any CPU.ActiveCfg = Debug|x86
		{46EBA791-E6FF-453C-A946-10AAF02033CF}.Debug|Any CPU.Build.0 = Debug|x86
		{46EBA791-E6FF-453C-A946-10AAF02033CF}.Debug|x86.ActiveCfg = Debug|x86
		{46EBA791-E6FF-453C-A946-10AAF02033CF}.Debug|x86.Build.0 = Debug|x86
		{46EBA791-E6FF-453C-A946-10AAF02033CF}.Release|Any CPU.ActiveCfg = Release|x86
		{46EBA791-E6FF-453C-A946-10AAF02033CF}.Release|Any CPU.Build.0 = Release|x86
		{46EBA791-E6FF-453C-A946-10AAF02033CF}.Release|x86.ActiveCfg = Release|x86
		{46EBA791-E6FF-453C-A946-10AAF02033CF}.Release|x86.Build.0 = Release|x86
	EndGlobalSection
	GlobalSection(SolutionProperties) = preSolution
		HideSolutionNode = FALSE
	EndGlobalSection
	GlobalSection(ExtensibilityGlobals) = postSolution
		SolutionGuid = {24CC4628-9019-480A-8C3C-F83EE27EB48C}
	EndGlobalSection
EndGlobal
